
Microsoft Visual Studio Solution File, Format Version 12.00
# Visual Studio 15
VisualStudioVersion = 15.0.28307.902
MinimumVisualStudioVersion = 10.0.40219.1
Project("{FAE04EC0-301F-11D3-BF4B-00C04F79EFBC}") = "TestLorena", "TestLorena\TestLorena.csproj", "{7FB36E5A-72D6-44DC-9614-C0B20FD1C3BA}"
EndProject
Global
	GlobalSection(SolutionConfigurationPlatforms) = preSolution
		Debug|Any CPU = Debug|Any CPU
		Release|Any CPU = Release|Any CPU
	EndGlobalSection
	GlobalSection(ProjectConfigurationPlatforms) = postSolution
		{7FB36E5A-72D6-44DC-9614-C0B20FD1C3BA}.Debug|Any CPU.ActiveCfg = Debug|Any CPU
		{7FB36E5A-72D6-44DC-9614-C0B20FD1C3BA}.Debug|Any CPU.Build.0 = Debug|Any CPU
		{7FB36E5A-72D6-44DC-9614-C0B20FD1C3BA}.Release|Any CPU.ActiveCfg = Release|Any CPU
		{7FB36E5A-72D6-44DC-9614-C0B20FD1C3BA}.Release|Any CPU.Build.0 = Release|Any CPU
	EndGlobalSection
	GlobalSection(SolutionProperties) = preSolution
		HideSolutionNode = FALSE
	EndGlobalSection
	GlobalSection(ExtensibilityGlobals) = postSolution
		SolutionGuid = {A2683D1F-3A1E-46C2-A4C3-93A59BDB4FC6}
	EndGlobalSection
EndGlobal
